// !$*UTF8*$!
{
	archiveVersion = 1;
	classes = {
	};
	objectVersion = 46;
	objects = {

/* Begin PBXBuildFile section */
		04DBC5891B7B948C00942A11 /* main.m in Sources */ = {isa = PBXBuildFile; fileRef = 04DBC5881B7B948C00942A11 /* main.m */; };
		04DBC58C1B7B948C00942A11 /* AppDelegate.m in Sources */ = {isa = PBXBuildFile; fileRef = 04DBC58B1B7B948C00942A11 /* AppDelegate.m */; };
		04DBC58F1B7B948C00942A11 /* Randomizer.xcdatamodeld in Sources */ = {isa = PBXBuildFile; fileRef = 04DBC58D1B7B948C00942A11 /* Randomizer.xcdatamodeld */; };
		04DBC5921B7B948C00942A11 /* ViewController.m in Sources */ = {isa = PBXBuildFile; fileRef = 04DBC5911B7B948C00942A11 /* ViewController.m */; };
		04DBC5951B7B948C00942A11 /* Main.storyboard in Resources */ = {isa = PBXBuildFile; fileRef = 04DBC5931B7B948C00942A11 /* Main.storyboard */; };
		04DBC5971B7B948C00942A11 /* Images.xcassets in Resources */ = {isa = PBXBuildFile; fileRef = 04DBC5961B7B948C00942A11 /* Images.xcassets */; };
		04DBC59A1B7B948C00942A11 /* LaunchScreen.xib in Resources */ = {isa = PBXBuildFile; fileRef = 04DBC5981B7B948C00942A11 /* LaunchScreen.xib */; };
		04DBC5A61B7B948C00942A11 /* RandomizerTests.m in Sources */ = {isa = PBXBuildFile; fileRef = 04DBC5A51B7B948C00942A11 /* RandomizerTests.m */; };
/* End PBXBuildFile section */

/* Begin PBXContainerItemProxy section */
		04DBC5A01B7B948C00942A11 /* PBXContainerItemProxy */ = {
			isa = PBXContainerItemProxy;
			containerPortal = 04DBC57B1B7B948C00942A11 /* Project object */;
			proxyType = 1;
			remoteGlobalIDString = 04DBC5821B7B948C00942A11;
			remoteInfo = Randomizer;
		};
/* End PBXContainerItemProxy section */

/* Begin PBXFileReference section */
		04DBC5831B7B948C00942A11 /* Randomizer.app */ = {isa = PBXFileReference; explicitFileType = wrapper.application; includeInIndex = 0; path = Randomizer.app; sourceTree = BUILT_PRODUCTS_DIR; };
		04DBC5871B7B948C00942A11 /* Info.plist */ = {isa = PBXFileReference; lastKnownFileType = text.plist.xml; path = Info.plist; sourceTree = "<group>"; };
		04DBC5881B7B948C00942A11 /* main.m */ = {isa = PBXFileReference; lastKnownFileType = sourcecode.c.objc; path = main.m; sourceTree = "<group>"; };
		04DBC58A1B7B948C00942A11 /* AppDelegate.h */ = {isa = PBXFileReference; lastKnownFileType = sourcecode.c.h; path = AppDelegate.h; sourceTree = "<group>"; };
		04DBC58B1B7B948C00942A11 /* AppDelegate.m */ = {isa = PBXFileReference; lastKnownFileType = sourcecode.c.objc; path = AppDelegate.m; sourceTree = "<group>"; };
		04DBC58E1B7B948C00942A11 /* Randomizer.xcdatamodel */ = {isa = PBXFileReference; lastKnownFileType = wrapper.xcdatamodel; path = Randomizer.xcdatamodel; sourceTree = "<group>"; };
		04DBC5901B7B948C00942A11 /* ViewController.h */ = {isa = PBXFileReference; lastKnownFileType = sourcecode.c.h; path = ViewController.h; sourceTree = "<group>"; };
		04DBC5911B7B948C00942A11 /* ViewController.m */ = {isa = PBXFileReference; lastKnownFileType = sourcecode.c.objc; path = ViewController.m; sourceTree = "<group>"; };
		04DBC5941B7B948C00942A11 /* Base */ = {isa = PBXFileReference; lastKnownFileType = file.storyboard; name = Base; path = Base.lproj/Main.storyboard; sourceTree = "<group>"; };
		04DBC5961B7B948C00942A11 /* Images.xcassets */ = {isa = PBXFileReference; lastKnownFileType = folder.assetcatalog; path = Images.xcassets; sourceTree = "<group>"; };
		04DBC5991B7B948C00942A11 /* Base */ = {isa = PBXFileReference; lastKnownFileType = file.xib; name = Base; path = Base.lproj/LaunchScreen.xib; sourceTree = "<group>"; };
		04DBC59F1B7B948C00942A11 /* RandomizerTests.xctest */ = {isa = PBXFileReference; explicitFileType = wrapper.cfbundle; includeInIndex = 0; path = RandomizerTests.xctest; sourceTree = BUILT_PRODUCTS_DIR; };
		04DBC5A41B7B948C00942A11 /* Info.plist */ = {isa = PBXFileReference; lastKnownFileType = text.plist.xml; path = Info.plist; sourceTree = "<group>"; };
		04DBC5A51B7B948C00942A11 /* RandomizerTests.m */ = {isa = PBXFileReference; lastKnownFileType = sourcecode.c.objc; path = RandomizerTests.m; sourceTree = "<group>"; };
/* End PBXFileReference section */

/* Begin PBXFrameworksBuildPhase section */
		04DBC5801B7B948C00942A11 /* Frameworks */ = {
			isa = PBXFrameworksBuildPhase;
			buildActionMask = 2147483647;
			files = (
			);
			runOnlyForDeploymentPostprocessing = 0;
		};
		04DBC59C1B7B948C00942A11 /* Frameworks */ = {
			isa = PBXFrameworksBuildPhase;
			buildActionMask = 2147483647;
			files = (
			);
			runOnlyForDeploymentPostprocessing = 0;
		};
/* End PBXFrameworksBuildPhase section */

/* Begin PBXGroup section */
		04DBC57A1B7B948C00942A11 = {
			isa = PBXGroup;
			children = (
				04DBC5851B7B948C00942A11 /* Randomizer */,
				04DBC5A21B7B948C00942A11 /* RandomizerTests */,
				04DBC5841B7B948C00942A11 /* Products */,
			);
			sourceTree = "<group>";
		};
		04DBC5841B7B948C00942A11 /* Products */ = {
			isa = PBXGroup;
			children = (
				04DBC5831B7B948C00942A11 /* Randomizer.app */,
				04DBC59F1B7B948C00942A11 /* RandomizerTests.xctest */,
			);
			name = Products;
			sourceTree = "<group>";
		};
		04DBC5851B7B948C00942A11 /* Randomizer */ = {
			isa = PBXGroup;
			children = (
				04DBC58A1B7B948C00942A11 /* AppDelegate.h */,
				04DBC58B1B7B948C00942A11 /* AppDelegate.m */,
				04DBC5901B7B948C00942A11 /* ViewController.h */,
				04DBC5911B7B948C00942A11 /* ViewController.m */,
				04DBC5931B7B948C00942A11 /* Main.storyboard */,
				04DBC5961B7B948C00942A11 /* Images.xcassets */,
				04DBC5981B7B948C00942A11 /* LaunchScreen.xib */,
				04DBC58D1B7B948C00942A11 /* Randomizer.xcdatamodeld */,
				04DBC5861B7B948C00942A11 /* Supporting Files */,
			);
			path = Randomizer;
			sourceTree = "<group>";
		};
		04DBC5861B7B948C00942A11 /* Supporting Files */ = {
			isa = PBXGroup;
			children = (
				04DBC5871B7B948C00942A11 /* Info.plist */,
				04DBC5881B7B948C00942A11 /* main.m */,
			);
			name = "Supporting Files";
			sourceTree = "<group>";
		};
		04DBC5A21B7B948C00942A11 /* RandomizerTests */ = {
			isa = PBXGroup;
			children = (
				04DBC5A51B7B948C00942A11 /* RandomizerTests.m */,
				04DBC5A31B7B948C00942A11 /* Supporting Files */,
			);
			path = RandomizerTests;
			sourceTree = "<group>";
		};
		04DBC5A31B7B948C00942A11 /* Supporting Files */ = {
			isa = PBXGroup;
			children = (
				04DBC5A41B7B948C00942A11 /* Info.plist */,
			);
			name = "Supporting Files";
			sourceTree = "<group>";
		};
/* End PBXGroup section */

/* Begin PBXNativeTarget section */
		04DBC5821B7B948C00942A11 /* Randomizer */ = {
			isa = PBXNativeTarget;
			buildConfigurationList = 04DBC5A91B7B948C00942A11 /* Build configuration list for PBXNativeTarget "Randomizer" */;
			buildPhases = (
				04DBC57F1B7B948C00942A11 /* Sources */,
				04DBC5801B7B948C00942A11 /* Frameworks */,
				04DBC5811B7B948C00942A11 /* Resources */,
			);
			buildRules = (
			);
			dependencies = (
			);
			name = Randomizer;
			productName = Randomizer;
			productReference = 04DBC5831B7B948C00942A11 /* Randomizer.app */;
			productType = "com.apple.product-type.application";
		};
		04DBC59E1B7B948C00942A11 /* RandomizerTests */ = {
			isa = PBXNativeTarget;
			buildConfigurationList = 04DBC5AC1B7B948C00942A11 /* Build configuration list for PBXNativeTarget "RandomizerTests" */;
			buildPhases = (
				04DBC59B1B7B948C00942A11 /* Sources */,
				04DBC59C1B7B948C00942A11 /* Frameworks */,
				04DBC59D1B7B948C00942A11 /* Resources */,
			);
			buildRules = (
			);
			dependencies = (
				04DBC5A11B7B948C00942A11 /* PBXTargetDependency */,
			);
			name = RandomizerTests;
			productName = RandomizerTests;
			productReference = 04DBC59F1B7B948C00942A11 /* RandomizerTests.xctest */;
			productType = "com.apple.product-type.bundle.unit-test";
		};
/* End PBXNativeTarget section */

/* Begin PBXProject section */
		04DBC57B1B7B948C00942A11 /* Project object */ = {
			isa = PBXProject;
			attributes = {
				LastUpgradeCheck = 0640;
				ORGANIZATIONNAME = "M Auto";
				TargetAttributes = {
					04DBC5821B7B948C00942A11 = {
						CreatedOnToolsVersion = 6.4;
					};
					04DBC59E1B7B948C00942A11 = {
						CreatedOnToolsVersion = 6.4;
						TestTargetID = 04DBC5821B7B948C00942A11;
					};
				};
			};
			buildConfigurationList = 04DBC57E1B7B948C00942A11 /* Build configuration list for PBXProject "Randomizer" */;
			compatibilityVersion = "Xcode 3.2";
			developmentRegion = English;
			hasScannedForEncodings = 0;
			knownRegions = (
				en,
				Base,
			);
			mainGroup = 04DBC57A1B7B948C00942A11;
			productRefGroup = 04DBC5841B7B948C00942A11 /* Products */;
			projectDirPath = "";
			projectRoot = "";
			targets = (
				04DBC5821B7B948C00942A11 /* Randomizer */,
				04DBC59E1B7B948C00942A11 /* RandomizerTests */,
			);
		};
/* End PBXProject section */

/* Begin PBXResourcesBuildPhase section */
		04DBC5811B7B948C00942A11 /* Resources */ = {
			isa = PBXResourcesBuildPhase;
			buildActionMask = 2147483647;
			files = (
				04DBC5951B7B948C00942A11 /* Main.storyboard in Resources */,
				04DBC59A1B7B948C00942A11 /* LaunchScreen.xib in Resources */,
				04DBC5971B7B948C00942A11 /* Images.xcassets in Resources */,
			);
			runOnlyForDeploymentPostprocessing = 0;
		};
		04DBC59D1B7B948C00942A11 /* Resources */ = {
			isa = PBXResourcesBuildPhase;
			buildActionMask = 2147483647;
			files = (
			);
			runOnlyForDeploymentPostprocessing = 0;
		};
/* End PBXResourcesBuildPhase section */

/* Begin PBXSourcesBuildPhase section */
		04DBC57F1B7B948C00942A11 /* Sources */ = {
			isa = PBXSourcesBuildPhase;
			buildActionMask = 2147483647;
			files = (
				04DBC58F1B7B948C00942A11 /* Randomizer.xcdatamodeld in Sources */,
				04DBC58C1B7B948C00942A11 /* AppDelegate.m in Sources */,
				04DBC5921B7B948C00942A11 /* ViewController.m in Sources */,
				04DBC5891B7B948C00942A11 /* main.m in Sources */,
			);
			runOnlyForDeploymentPostprocessing = 0;
		};
		04DBC59B1B7B948C00942A11 /* Sources */ = {
			isa = PBXSourcesBuildPhase;
			buildActionMask = 2147483647;
			files = (
				04DBC5A61B7B948C00942A11 /* RandomizerTests.m in Sources */,
			);
			runOnlyForDeploymentPostprocessing = 0;
		};
/* End PBXSourcesBuildPhase section */

/* Begin PBXTargetDependency section */
		04DBC5A11B7B948C00942A11 /* PBXTargetDependency */ = {
			isa = PBXTargetDependency;
			target = 04DBC5821B7B948C00942A11 /* Randomizer */;
			targetProxy = 04DBC5A01B7B948C00942A11 /* PBXContainerItemProxy */;
		};
/* End PBXTargetDependency section */

/* Begin PBXVariantGroup section */
		04DBC5931B7B948C00942A11 /* Main.storyboard */ = {
			isa = PBXVariantGroup;
			children = (
				04DBC5941B7B948C00942A11 /* Base */,
			);
			name = Main.storyboard;
			sourceTree = "<group>";
		};
		04DBC5981B7B948C00942A11 /* LaunchScreen.xib */ = {
			isa = PBXVariantGroup;
			children = (
				04DBC5991B7B948C00942A11 /* Base */,
			);
			name = LaunchScreen.xib;
			sourceTree = "<group>";
		};
/* End PBXVariantGroup section */

/* Begin XCBuildConfiguration section */
		04DBC5A71B7B948C00942A11 /* Debug */ = {
			isa = XCBuildConfiguration;
			buildSettings = {
				ALWAYS_SEARCH_USER_PATHS = NO;
				CLANG_CXX_LANGUAGE_STANDARD = "gnu++0x";
				CLANG_CXX_LIBRARY = "libc++";
				CLANG_ENABLE_MODULES = YES;
				CLANG_ENABLE_OBJC_ARC = YES;
				CLANG_WARN_BOOL_CONVERSION = YES;
				CLANG_WARN_CONSTANT_CONVERSION = YES;
				CLANG_WARN_DIRECT_OBJC_ISA_USAGE = YES_ERROR;
				CLANG_WARN_EMPTY_BODY = YES;
				CLANG_WARN_ENUM_CONVERSION = YES;
				CLANG_WARN_INT_CONVERSION = YES;
				CLANG_WARN_OBJC_ROOT_CLASS = YES_ERROR;
				CLANG_WARN_UNREACHABLE_CODE = YES;
				CLANG_WARN__DUPLICATE_METHOD_MATCH = YES;
				"CODE_SIGN_IDENTITY[sdk=iphoneos*]" = "iPhone Developer";
				COPY_PHASE_STRIP = NO;
				DEBUG_INFORMATION_FORMAT = "dwarf-with-dsym";
				ENABLE_STRICT_OBJC_MSGSEND = YES;
				GCC_C_LANGUAGE_STANDARD = gnu99;
				GCC_DYNAMIC_NO_PIC = NO;
				GCC_NO_COMMON_BLOCKS = YES;
				GCC_OPTIMIZATION_LEVEL = 0;
				GCC_PREPROCESSOR_DEFINITIONS = (
					"DEBUG=1",
					"$(inherited)",
				);
				GCC_SYMBOLS_PRIVATE_EXTERN = NO;
				GCC_WARN_64_TO_32_BIT_CONVERSION = YES;
				GCC_WARN_ABOUT_RETURN_TYPE = YES_ERROR;
				GCC_WARN_UNDECLARED_SELECTOR = YES;
				GCC_WARN_UNINITIALIZED_AUTOS = YES_AGGRESSIVE;
				GCC_WARN_UNUSED_FUNCTION = YES;
				GCC_WARN_UNUSED_VARIABLE = YES;
				IPHONEOS_DEPLOYMENT_TARGET = 8.4;
				MTL_ENABLE_DEBUG_INFO = YES;
				ONLY_ACTIVE_ARCH = YES;
				SDKROOT = iphoneos;
			};
			name = Debug;
		};
		04DBC5A81B7B948C00942A11 /* Release */ = {
			isa = XCBuildConfiguration;
			buildSettings = {
				ALWAYS_SEARCH_USER_PATHS = NO;
				CLANG_CXX_LANGUAGE_STANDARD = "gnu++0x";
				CLANG_CXX_LIBRARY = "libc++";
				CLANG_ENABLE_MODULES = YES;
				CLANG_ENABLE_OBJC_ARC = YES;
				CLANG_WARN_BOOL_CONVERSION = YES;
				CLANG_WARN_CONSTANT_CONVERSION = YES;
				CLANG_WARN_DIRECT_OBJC_ISA_USAGE = YES_ERROR;
				CLANG_WARN_EMPTY_BODY = YES;
				CLANG_WARN_ENUM_CONVERSION = YES;
				CLANG_WARN_INT_CONVERSION = YES;
				CLANG_WARN_OBJC_ROOT_CLASS = YES_ERROR;
				CLANG_WARN_UNREACHABLE_CODE = YES;
				CLANG_WARN__DUPLICATE_METHOD_MATCH = YES;
				"CODE_SIGN_IDENTITY[sdk=iphoneos*]" = "iPhone Developer";
				COPY_PHASE_STRIP = NO;
				DEBUG_INFORMATION_FORMAT = "dwarf-with-dsym";
				ENABLE_NS_ASSERTIONS = NO;
				ENABLE_STRICT_OBJC_MSGSEND = YES;
				GCC_C_LANGUAGE_STANDARD = gnu99;
				GCC_NO_COMMON_BLOCKS = YES;
				GCC_WARN_64_TO_32_BIT_CONVERSION = YES;
				GCC_WARN_ABOUT_RETURN_TYPE = YES_ERROR;
				GCC_WARN_UNDECLARED_SELECTOR = YES;
				GCC_WARN_UNINITIALIZED_AUTOS = YES_AGGRESSIVE;
				GCC_WARN_UNUSED_FUNCTION = YES;
				GCC_WARN_UNUSED_VARIABLE = YES;
				IPHONEOS_DEPLOYMENT_TARGET = 8.4;
				MTL_ENABLE_DEBUG_INFO = NO;
				SDKROOT = iphoneos;
				VALIDATE_PRODUCT = YES;
			};
			name = Release;
		};
		04DBC5AA1B7B948C00942A11 /* Debug */ = {
			isa = XCBuildConfiguration;
			buildSettings = {
				ASSETCATALOG_COMPILER_APPICON_NAME = AppIcon;
				INFOPLIST_FILE = Randomizer/Info.plist;
				LD_RUNPATH_SEARCH_PATHS = "$(inherited) @executable_path/Frameworks";
				PRODUCT_NAME = "$(TARGET_NAME)";
			};
			name = Debug;
		};
		04DBC5AB1B7B948C00942A11 /* Release */ = {
			isa = XCBuildConfiguration;
			buildSettings = {
				ASSETCATALOG_COMPILER_APPICON_NAME = AppIcon;
				INFOPLIST_FILE = Randomizer/Info.plist;
				LD_RUNPATH_SEARCH_PATHS = "$(inherited) @executable_path/Frameworks";
				PRODUCT_NAME = "$(TARGET_NAME)";
			};
			name = Release;
		};
		04DBC5AD1B7B948C00942A11 /* Debug */ = {
			isa = XCBuildConfiguration;
			buildSettings = {
				BUNDLE_LOADER = "$(TEST_HOST)";
				FRAMEWORK_SEARCH_PATHS = (
					"$(SDKROOT)/Developer/Library/Frameworks",
					"$(inherited)",
				);
				GCC_PREPROCESSOR_DEFINITIONS = (
					"DEBUG=1",
					"$(inherited)",
				);
				INFOPLIST_FILE = RandomizerTests/Info.plist;
				LD_RUNPATH_SEARCH_PATHS = "$(inherited) @executable_path/Frameworks @loader_path/Frameworks";
				PRODUCT_NAME = "$(TARGET_NAME)";
				TEST_HOST = "$(BUILT_PRODUCTS_DIR)/Randomizer.app/Randomizer";
			};
			name = Debug;
		};
		04DBC5AE1B7B948C00942A11 /* Release */ = {
			isa = XCBuildConfiguration;
			buildSettings = {
				BUNDLE_LOADER = "$(TEST_HOST)";
				FRAMEWORK_SEARCH_PATHS = (
					"$(SDKROOT)/Developer/Library/Frameworks",
					"$(inherited)",
				);
				INFOPLIST_FILE = RandomizerTests/Info.plist;
				LD_RUNPATH_SEARCH_PATHS = "$(inherited) @executable_path/Frameworks @loader_path/Frameworks";
				PRODUCT_NAME = "$(TARGET_NAME)";
				TEST_HOST = "$(BUILT_PRODUCTS_DIR)/Randomizer.app/Randomizer";
			};
			name = Release;
		};
/* End XCBuildConfiguration section */

/* Begin XCConfigurationList section */
		04DBC57E1B7B948C00942A11 /* Build configuration list for PBXProject "Randomizer" */ = {
			isa = XCConfigurationList;
			buildConfigurations = (
				04DBC5A71B7B948C00942A11 /* Debug */,
				04DBC5A81B7B948C00942A11 /* Release */,
			);
			defaultConfigurationIsVisible = 0;
			defaultConfigurationName = Release;
		};
		04DBC5A91B7B948C00942A11 /* Build configuration list for PBXNativeTarget "Randomizer" */ = {
			isa = XCConfigurationList;
			buildConfigurations = (
				04DBC5AA1B7B948C00942A11 /* Debug */,
				04DBC5AB1B7B948C00942A11 /* Release */,
			);
			defaultConfigurationIsVisible = 0;
		};
		04DBC5AC1B7B948C00942A11 /* Build configuration list for PBXNativeTarget "RandomizerTests" */ = {
			isa = XCConfigurationList;
			buildConfigurations = (
				04DBC5AD1B7B948C00942A11 /* Debug */,
				04DBC5AE1B7B948C00942A11 /* Release */,
			);
			defaultConfigurationIsVisible = 0;
		};
/* End XCConfigurationList section */

/* Begin XCVersionGroup section */
		04DBC58D1B7B948C00942A11 /* Randomizer.xcdatamodeld */ = {
			isa = XCVersionGroup;
			children = (
				04DBC58E1B7B948C00942A11 /* Randomizer.xcdatamodel */,
			);
			currentVersion = 04DBC58E1B7B948C00942A11 /* Randomizer.xcdatamodel */;
			path = Randomizer.xcdatamodeld;
			sourceTree = "<group>";
			versionGroupType = wrapper.xcdatamodel;
		};
/* End XCVersionGroup section */
	};
	rootObject = 04DBC57B1B7B948C00942A11 /* Project object */;
}
